
Microsoft Visual Studio Solution File, Format Version 12.00
# Visual Studio Version 16
VisualStudioVersion = 25.0.1703.0
MinimumVisualStudioVersion = 10.0.40219.1
Project("{FAE04EC0-301F-11D3-BF4B-00C04F79EFBC}") = "Snake", "Snake.csproj", "{91C243B8-6E7D-4A87-A30B-5375D8D86646}"
EndProject
Global
	GlobalSection(SolutionConfigurationPlatforms) = preSolution
		Debug|Any CPU = Debug|Any CPU
		Release|Any CPU = Release|Any CPU
	EndGlobalSection
	GlobalSection(ProjectConfigurationPlatforms) = postSolution
		{91C243B8-6E7D-4A87-A30B-5375D8D86646}.Debug|Any CPU.ActiveCfg = Debug|Any CPU
		{91C243B8-6E7D-4A87-A30B-5375D8D86646}.Debug|Any CPU.Build.0 = Debug|Any CPU
		{91C243B8-6E7D-4A87-A30B-5375D8D86646}.Release|Any CPU.ActiveCfg = Release|Any CPU
		{91C243B8-6E7D-4A87-A30B-5375D8D86646}.Release|Any CPU.Build.0 = Release|Any CPU
	EndGlobalSection
	GlobalSection(SolutionProperties) = preSolution
		HideSolutionNode = FALSE
	EndGlobalSection
	GlobalSection(ExtensibilityGlobals) = postSolution
		SolutionGuid = {53045DAA-EF9E-4F97-943C-9E7FC97D6105}
	EndGlobalSection
EndGlobal
